// !$*UTF8*$!
{
	archiveVersion = 1;
	classes = {
	};
	objectVersion = 48;
	objects = {

/* Begin PBXBuildFile section */
		BC0B76E220A6BC5C00EF5E9E /* AppDelegate.m in Sources */ = {isa = PBXBuildFile; fileRef = BC0B76E120A6BC5C00EF5E9E /* AppDelegate.m */; };
		BC0B76E520A6BC5C00EF5E9E /* ViewController.m in Sources */ = {isa = PBXBuildFile; fileRef = BC0B76E420A6BC5C00EF5E9E /* ViewController.m */; };
		BC0B76E820A6BC5C00EF5E9E /* Main.storyboard in Resources */ = {isa = PBXBuildFile; fileRef = BC0B76E620A6BC5C00EF5E9E /* Main.storyboard */; };
		BC0B76EA20A6BC5C00EF5E9E /* Assets.xcassets in Resources */ = {isa = PBXBuildFile; fileRef = BC0B76E920A6BC5C00EF5E9E /* Assets.xcassets */; };
		BC0B76ED20A6BC5C00EF5E9E /* LaunchScreen.storyboard in Resources */ = {isa = PBXBuildFile; fileRef = BC0B76EB20A6BC5C00EF5E9E /* LaunchScreen.storyboard */; };
		BC0B76F020A6BC5C00EF5E9E /* main.m in Sources */ = {isa = PBXBuildFile; fileRef = BC0B76EF20A6BC5C00EF5E9E /* main.m */; };
		BC0B770E20A6BC9200EF5E9E /* download010@3x.png in Resources */ = {isa = PBXBuildFile; fileRef = BC0B76F720A6BC9200EF5E9E /* download010@3x.png */; };
		BC0B770F20A6BC9200EF5E9E /* download0@2x.png in Resources */ = {isa = PBXBuildFile; fileRef = BC0B76F820A6BC9200EF5E9E /* download0@2x.png */; };
		BC0B771020A6BC9200EF5E9E /* download0@3x.png in Resources */ = {isa = PBXBuildFile; fileRef = BC0B76F920A6BC9200EF5E9E /* download0@3x.png */; };
		BC0B771120A6BC9200EF5E9E /* download10@2x.png in Resources */ = {isa = PBXBuildFile; fileRef = BC0B76FA20A6BC9200EF5E9E /* download10@2x.png */; };
		BC0B771220A6BC9200EF5E9E /* download1@2x.png in Resources */ = {isa = PBXBuildFile; fileRef = BC0B76FB20A6BC9200EF5E9E /* download1@2x.png */; };
		BC0B771320A6BC9200EF5E9E /* download1@3x.png in Resources */ = {isa = PBXBuildFile; fileRef = BC0B76FC20A6BC9200EF5E9E /* download1@3x.png */; };
		BC0B771420A6BC9200EF5E9E /* download2@2x.png in Resources */ = {isa = PBXBuildFile; fileRef = BC0B76FD20A6BC9200EF5E9E /* download2@2x.png */; };
		BC0B771520A6BC9200EF5E9E /* download2@3x.png in Resources */ = {isa = PBXBuildFile; fileRef = BC0B76FE20A6BC9200EF5E9E /* download2@3x.png */; };
		BC0B771620A6BC9200EF5E9E /* download3@2x.png in Resources */ = {isa = PBXBuildFile; fileRef = BC0B76FF20A6BC9200EF5E9E /* download3@2x.png */; };
		BC0B771720A6BC9200EF5E9E /* download3@3x.png in Resources */ = {isa = PBXBuildFile; fileRef = BC0B770020A6BC9200EF5E9E /* download3@3x.png */; };
		BC0B771820A6BC9200EF5E9E /* download4@2x.png in Resources */ = {isa = PBXBuildFile; fileRef = BC0B770120A6BC9200EF5E9E /* download4@2x.png */; };
		BC0B771920A6BC9200EF5E9E /* download4@3x.png in Resources */ = {isa = PBXBuildFile; fileRef = BC0B770220A6BC9200EF5E9E /* download4@3x.png */; };
		BC0B771A20A6BC9200EF5E9E /* download5@2x.png in Resources */ = {isa = PBXBuildFile; fileRef = BC0B770320A6BC9200EF5E9E /* download5@2x.png */; };
		BC0B771B20A6BC9200EF5E9E /* download5@3x.png in Resources */ = {isa = PBXBuildFile; fileRef = BC0B770420A6BC9200EF5E9E /* download5@3x.png */; };
		BC0B771C20A6BC9200EF5E9E /* download6@2x.png in Resources */ = {isa = PBXBuildFile; fileRef = BC0B770520A6BC9200EF5E9E /* download6@2x.png */; };
		BC0B771D20A6BC9200EF5E9E /* download6@3x.png in Resources */ = {isa = PBXBuildFile; fileRef = BC0B770620A6BC9200EF5E9E /* download6@3x.png */; };
		BC0B771E20A6BC9200EF5E9E /* download7@2x.png in Resources */ = {isa = PBXBuildFile; fileRef = BC0B770720A6BC9200EF5E9E /* download7@2x.png */; };
		BC0B771F20A6BC9200EF5E9E /* download7@3x.png in Resources */ = {isa = PBXBuildFile; fileRef = BC0B770820A6BC9200EF5E9E /* download7@3x.png */; };
		BC0B772020A6BC9200EF5E9E /* download8@2x.png in Resources */ = {isa = PBXBuildFile; fileRef = BC0B770920A6BC9200EF5E9E /* download8@2x.png */; };
		BC0B772120A6BC9200EF5E9E /* download8@3x.png in Resources */ = {isa = PBXBuildFile; fileRef = BC0B770A20A6BC9200EF5E9E /* download8@3x.png */; };
		BC0B772220A6BC9200EF5E9E /* download9@2x.png in Resources */ = {isa = PBXBuildFile; fileRef = BC0B770B20A6BC9200EF5E9E /* download9@2x.png */; };
		BC0B772320A6BC9200EF5E9E /* download9@3x.png in Resources */ = {isa = PBXBuildFile; fileRef = BC0B770C20A6BC9200EF5E9E /* download9@3x.png */; };
		BC0B772420A6BC9200EF5E9E /* loading1-1.png in Resources */ = {isa = PBXBuildFile; fileRef = BC0B770D20A6BC9200EF5E9E /* loading1-1.png */; };
		BC0B772720A6BCA800EF5E9E /* UIImageView+Property.m in Sources */ = {isa = PBXBuildFile; fileRef = BC0B772620A6BCA800EF5E9E /* UIImageView+Property.m */; };
/* End PBXBuildFile section */

/* Begin PBXFileReference section */
		BC0B76DD20A6BC5C00EF5E9E /* CustomProgressView.app */ = {isa = PBXFileReference; explicitFileType = wrapper.application; includeInIndex = 0; path = CustomProgressView.app; sourceTree = BUILT_PRODUCTS_DIR; };
		BC0B76E020A6BC5C00EF5E9E /* AppDelegate.h */ = {isa = PBXFileReference; lastKnownFileType = sourcecode.c.h; path = AppDelegate.h; sourceTree = "<group>"; };
		BC0B76E120A6BC5C00EF5E9E /* AppDelegate.m */ = {isa = PBXFileReference; lastKnownFileType = sourcecode.c.objc; path = AppDelegate.m; sourceTree = "<group>"; };
		BC0B76E320A6BC5C00EF5E9E /* ViewController.h */ = {isa = PBXFileReference; lastKnownFileType = sourcecode.c.h; path = ViewController.h; sourceTree = "<group>"; };
		BC0B76E420A6BC5C00EF5E9E /* ViewController.m */ = {isa = PBXFileReference; lastKnownFileType = sourcecode.c.objc; path = ViewController.m; sourceTree = "<group>"; };
		BC0B76E720A6BC5C00EF5E9E /* Base */ = {isa = PBXFileReference; lastKnownFileType = file.storyboard; name = Base; path = Base.lproj/Main.storyboard; sourceTree = "<group>"; };
		BC0B76E920A6BC5C00EF5E9E /* Assets.xcassets */ = {isa = PBXFileReference; lastKnownFileType = folder.assetcatalog; path = Assets.xcassets; sourceTree = "<group>"; };
		BC0B76EC20A6BC5C00EF5E9E /* Base */ = {isa = PBXFileReference; lastKnownFileType = file.storyboard; name = Base; path = Base.lproj/LaunchScreen.storyboard; sourceTree = "<group>"; };
		BC0B76EE20A6BC5C00EF5E9E /* Info.plist */ = {isa = PBXFileReference; lastKnownFileType = text.plist.xml; path = Info.plist; sourceTree = "<group>"; };
		BC0B76EF20A6BC5C00EF5E9E /* main.m */ = {isa = PBXFileReference; lastKnownFileType = sourcecode.c.objc; path = main.m; sourceTree = "<group>"; };
		BC0B76F720A6BC9200EF5E9E /* download010@3x.png */ = {isa = PBXFileReference; lastKnownFileType = image.png; path = "download010@3x.png"; sourceTree = "<group>"; };
		BC0B76F820A6BC9200EF5E9E /* download0@2x.png */ = {isa = PBXFileReference; lastKnownFileType = image.png; path = "download0@2x.png"; sourceTree = "<group>"; };
		BC0B76F920A6BC9200EF5E9E /* download0@3x.png */ = {isa = PBXFileReference; lastKnownFileType = image.png; path = "download0@3x.png"; sourceTree = "<group>"; };
		BC0B76FA20A6BC9200EF5E9E /* download10@2x.png */ = {isa = PBXFileReference; lastKnownFileType = image.png; path = "download10@2x.png"; sourceTree = "<group>"; };
		BC0B76FB20A6BC9200EF5E9E /* download1@2x.png */ = {isa = PBXFileReference; lastKnownFileType = image.png; path = "download1@2x.png"; sourceTree = "<group>"; };
		BC0B76FC20A6BC9200EF5E9E /* download1@3x.png */ = {isa = PBXFileReference; lastKnownFileType = image.png; path = "download1@3x.png"; sourceTree = "<group>"; };
		BC0B76FD20A6BC9200EF5E9E /* download2@2x.png */ = {isa = PBXFileReference; lastKnownFileType = image.png; path = "download2@2x.png"; sourceTree = "<group>"; };
		BC0B76FE20A6BC9200EF5E9E /* download2@3x.png */ = {isa = PBXFileReference; lastKnownFileType = image.png; path = "download2@3x.png"; sourceTree = "<group>"; };
		BC0B76FF20A6BC9200EF5E9E /* download3@2x.png */ = {isa = PBXFileReference; lastKnownFileType = image.png; path = "download3@2x.png"; sourceTree = "<group>"; };
		BC0B770020A6BC9200EF5E9E /* download3@3x.png */ = {isa = PBXFileReference; lastKnownFileType = image.png; path = "download3@3x.png"; sourceTree = "<group>"; };
		BC0B770120A6BC9200EF5E9E /* download4@2x.png */ = {isa = PBXFileReference; lastKnownFileType = image.png; path = "download4@2x.png"; sourceTree = "<group>"; };
		BC0B770220A6BC9200EF5E9E /* download4@3x.png */ = {isa = PBXFileReference; lastKnownFileType = image.png; path = "download4@3x.png"; sourceTree = "<group>"; };
		BC0B770320A6BC9200EF5E9E /* download5@2x.png */ = {isa = PBXFileReference; lastKnownFileType = image.png; path = "download5@2x.png"; sourceTree = "<group>"; };
		BC0B770420A6BC9200EF5E9E /* download5@3x.png */ = {isa = PBXFileReference; lastKnownFileType = image.png; path = "download5@3x.png"; sourceTree = "<group>"; };
		BC0B770520A6BC9200EF5E9E /* download6@2x.png */ = {isa = PBXFileReference; lastKnownFileType = image.png; path = "download6@2x.png"; sourceTree = "<group>"; };
		BC0B770620A6BC9200EF5E9E /* download6@3x.png */ = {isa = PBXFileReference; lastKnownFileType = image.png; path = "download6@3x.png"; sourceTree = "<group>"; };
		BC0B770720A6BC9200EF5E9E /* download7@2x.png */ = {isa = PBXFileReference; lastKnownFileType = image.png; path = "download7@2x.png"; sourceTree = "<group>"; };
		BC0B770820A6BC9200EF5E9E /* download7@3x.png */ = {isa = PBXFileReference; lastKnownFileType = image.png; path = "download7@3x.png"; sourceTree = "<group>"; };
		BC0B770920A6BC9200EF5E9E /* download8@2x.png */ = {isa = PBXFileReference; lastKnownFileType = image.png; path = "download8@2x.png"; sourceTree = "<group>"; };
		BC0B770A20A6BC9200EF5E9E /* download8@3x.png */ = {isa = PBXFileReference; lastKnownFileType = image.png; path = "download8@3x.png"; sourceTree = "<group>"; };
		BC0B770B20A6BC9200EF5E9E /* download9@2x.png */ = {isa = PBXFileReference; lastKnownFileType = image.png; path = "download9@2x.png"; sourceTree = "<group>"; };
		BC0B770C20A6BC9200EF5E9E /* download9@3x.png */ = {isa = PBXFileReference; lastKnownFileType = image.png; path = "download9@3x.png"; sourceTree = "<group>"; };
		BC0B770D20A6BC9200EF5E9E /* loading1-1.png */ = {isa = PBXFileReference; lastKnownFileType = image.png; path = "loading1-1.png"; sourceTree = "<group>"; };
		BC0B772520A6BCA800EF5E9E /* UIImageView+Property.h */ = {isa = PBXFileReference; lastKnownFileType = sourcecode.c.h; path = "UIImageView+Property.h"; sourceTree = "<group>"; };
		BC0B772620A6BCA800EF5E9E /* UIImageView+Property.m */ = {isa = PBXFileReference; lastKnownFileType = sourcecode.c.objc; path = "UIImageView+Property.m"; sourceTree = "<group>"; };
/* End PBXFileReference section */

/* Begin PBXFrameworksBuildPhase section */
		BC0B76DA20A6BC5C00EF5E9E /* Frameworks */ = {
			isa = PBXFrameworksBuildPhase;
			buildActionMask = 2147483647;
			files = (
			);
			runOnlyForDeploymentPostprocessing = 0;
		};
/* End PBXFrameworksBuildPhase section */

/* Begin PBXGroup section */
		BC0B76D420A6BC5C00EF5E9E = {
			isa = PBXGroup;
			children = (
				BC0B76DF20A6BC5C00EF5E9E /* CustomProgressView */,
				BC0B76DE20A6BC5C00EF5E9E /* Products */,
			);
			sourceTree = "<group>";
		};
		BC0B76DE20A6BC5C00EF5E9E /* Products */ = {
			isa = PBXGroup;
			children = (
				BC0B76DD20A6BC5C00EF5E9E /* CustomProgressView.app */,
			);
			name = Products;
			sourceTree = "<group>";
		};
		BC0B76DF20A6BC5C00EF5E9E /* CustomProgressView */ = {
			isa = PBXGroup;
			children = (
				BC0B76E020A6BC5C00EF5E9E /* AppDelegate.h */,
				BC0B76E120A6BC5C00EF5E9E /* AppDelegate.m */,
				BC0B76E320A6BC5C00EF5E9E /* ViewController.h */,
				BC0B76E420A6BC5C00EF5E9E /* ViewController.m */,
				BC0B772520A6BCA800EF5E9E /* UIImageView+Property.h */,
				BC0B772620A6BCA800EF5E9E /* UIImageView+Property.m */,
				BC0B76F620A6BC9200EF5E9E /* iOS下载图片进度条 */,
				BC0B76E620A6BC5C00EF5E9E /* Main.storyboard */,
				BC0B76E920A6BC5C00EF5E9E /* Assets.xcassets */,
				BC0B76EB20A6BC5C00EF5E9E /* LaunchScreen.storyboard */,
				BC0B76EE20A6BC5C00EF5E9E /* Info.plist */,
				BC0B76EF20A6BC5C00EF5E9E /* main.m */,
			);
			path = CustomProgressView;
			sourceTree = "<group>";
		};
		BC0B76F620A6BC9200EF5E9E /* iOS下载图片进度条 */ = {
			isa = PBXGroup;
			children = (
				BC0B76F720A6BC9200EF5E9E /* download010@3x.png */,
				BC0B76F820A6BC9200EF5E9E /* download0@2x.png */,
				BC0B76F920A6BC9200EF5E9E /* download0@3x.png */,
				BC0B76FA20A6BC9200EF5E9E /* download10@2x.png */,
				BC0B76FB20A6BC9200EF5E9E /* download1@2x.png */,
				BC0B76FC20A6BC9200EF5E9E /* download1@3x.png */,
				BC0B76FD20A6BC9200EF5E9E /* download2@2x.png */,
				BC0B76FE20A6BC9200EF5E9E /* download2@3x.png */,
				BC0B76FF20A6BC9200EF5E9E /* download3@2x.png */,
				BC0B770020A6BC9200EF5E9E /* download3@3x.png */,
				BC0B770120A6BC9200EF5E9E /* download4@2x.png */,
				BC0B770220A6BC9200EF5E9E /* download4@3x.png */,
				BC0B770320A6BC9200EF5E9E /* download5@2x.png */,
				BC0B770420A6BC9200EF5E9E /* download5@3x.png */,
				BC0B770520A6BC9200EF5E9E /* download6@2x.png */,
				BC0B770620A6BC9200EF5E9E /* download6@3x.png */,
				BC0B770720A6BC9200EF5E9E /* download7@2x.png */,
				BC0B770820A6BC9200EF5E9E /* download7@3x.png */,
				BC0B770920A6BC9200EF5E9E /* download8@2x.png */,
				BC0B770A20A6BC9200EF5E9E /* download8@3x.png */,
				BC0B770B20A6BC9200EF5E9E /* download9@2x.png */,
				BC0B770C20A6BC9200EF5E9E /* download9@3x.png */,
				BC0B770D20A6BC9200EF5E9E /* loading1-1.png */,
			);
			path = "iOS下载图片进度条";
			sourceTree = "<group>";
		};
/* End PBXGroup section */

/* Begin PBXNativeTarget section */
		BC0B76DC20A6BC5C00EF5E9E /* CustomProgressView */ = {
			isa = PBXNativeTarget;
			buildConfigurationList = BC0B76F320A6BC5C00EF5E9E /* Build configuration list for PBXNativeTarget "CustomProgressView" */;
			buildPhases = (
				BC0B76D920A6BC5C00EF5E9E /* Sources */,
				BC0B76DA20A6BC5C00EF5E9E /* Frameworks */,
				BC0B76DB20A6BC5C00EF5E9E /* Resources */,
			);
			buildRules = (
			);
			dependencies = (
			);
			name = CustomProgressView;
			productName = CustomProgressView;
			productReference = BC0B76DD20A6BC5C00EF5E9E /* CustomProgressView.app */;
			productType = "com.apple.product-type.application";
		};
/* End PBXNativeTarget section */

/* Begin PBXProject section */
		BC0B76D520A6BC5C00EF5E9E /* Project object */ = {
			isa = PBXProject;
			attributes = {
				LastUpgradeCheck = 0920;
				ORGANIZATIONNAME = "孙亚锋";
				TargetAttributes = {
					BC0B76DC20A6BC5C00EF5E9E = {
						CreatedOnToolsVersion = 9.2;
						ProvisioningStyle = Automatic;
					};
				};
			};
			buildConfigurationList = BC0B76D820A6BC5C00EF5E9E /* Build configuration list for PBXProject "CustomProgressView" */;
			compatibilityVersion = "Xcode 8.0";
			developmentRegion = en;
			hasScannedForEncodings = 0;
			knownRegions = (
				en,
				Base,
			);
			mainGroup = BC0B76D420A6BC5C00EF5E9E;
			productRefGroup = BC0B76DE20A6BC5C00EF5E9E /* Products */;
			projectDirPath = "";
			projectRoot = "";
			targets = (
				BC0B76DC20A6BC5C00EF5E9E /* CustomProgressView */,
			);
		};
/* End PBXProject section */

/* Begin PBXResourcesBuildPhase section */
		BC0B76DB20A6BC5C00EF5E9E /* Resources */ = {
			isa = PBXResourcesBuildPhase;
			buildActionMask = 2147483647;
			files = (
				BC0B76ED20A6BC5C00EF5E9E /* LaunchScreen.storyboard in Resources */,
				BC0B771520A6BC9200EF5E9E /* download2@3x.png in Resources */,
				BC0B771320A6BC9200EF5E9E /* download1@3x.png in Resources */,
				BC0B772020A6BC9200EF5E9E /* download8@2x.png in Resources */,
				BC0B771B20A6BC9200EF5E9E /* download5@3x.png in Resources */,
				BC0B771720A6BC9200EF5E9E /* download3@3x.png in Resources */,
				BC0B770F20A6BC9200EF5E9E /* download0@2x.png in Resources */,
				BC0B771420A6BC9200EF5E9E /* download2@2x.png in Resources */,
				BC0B771C20A6BC9200EF5E9E /* download6@2x.png in Resources */,
				BC0B771020A6BC9200EF5E9E /* download0@3x.png in Resources */,
				BC0B771820A6BC9200EF5E9E /* download4@2x.png in Resources */,
				BC0B770E20A6BC9200EF5E9E /* download010@3x.png in Resources */,
				BC0B76EA20A6BC5C00EF5E9E /* Assets.xcassets in Resources */,
				BC0B771E20A6BC9200EF5E9E /* download7@2x.png in Resources */,
				BC0B772120A6BC9200EF5E9E /* download8@3x.png in Resources */,
				BC0B771A20A6BC9200EF5E9E /* download5@2x.png in Resources */,
				BC0B771920A6BC9200EF5E9E /* download4@3x.png in Resources */,
				BC0B771620A6BC9200EF5E9E /* download3@2x.png in Resources */,
				BC0B771120A6BC9200EF5E9E /* download10@2x.png in Resources */,
				BC0B772320A6BC9200EF5E9E /* download9@3x.png in Resources */,
				BC0B772420A6BC9200EF5E9E /* loading1-1.png in Resources */,
				BC0B771D20A6BC9200EF5E9E /* download6@3x.png in Resources */,
				BC0B771F20A6BC9200EF5E9E /* download7@3x.png in Resources */,
				BC0B771220A6BC9200EF5E9E /* download1@2x.png in Resources */,
				BC0B772220A6BC9200EF5E9E /* download9@2x.png in Resources */,
				BC0B76E820A6BC5C00EF5E9E /* Main.storyboard in Resources */,
			);
			runOnlyForDeploymentPostprocessing = 0;
		};
/* End PBXResourcesBuildPhase section */

/* Begin PBXSourcesBuildPhase section */
		BC0B76D920A6BC5C00EF5E9E /* Sources */ = {
			isa = PBXSourcesBuildPhase;
			buildActionMask = 2147483647;
			files = (
				BC0B76E520A6BC5C00EF5E9E /* ViewController.m in Sources */,
				BC0B772720A6BCA800EF5E9E /* UIImageView+Property.m in Sources */,
				BC0B76F020A6BC5C00EF5E9E /* main.m in Sources */,
				BC0B76E220A6BC5C00EF5E9E /* AppDelegate.m in Sources */,
			);
			runOnlyForDeploymentPostprocessing = 0;
		};
/* End PBXSourcesBuildPhase section */

/* Begin PBXVariantGroup section */
		BC0B76E620A6BC5C00EF5E9E /* Main.storyboard */ = {
			isa = PBXVariantGroup;
			children = (
				BC0B76E720A6BC5C00EF5E9E /* Base */,
			);
			name = Main.storyboard;
			sourceTree = "<group>";
		};
		BC0B76EB20A6BC5C00EF5E9E /* LaunchScreen.storyboard */ = {
			isa = PBXVariantGroup;
			children = (
				BC0B76EC20A6BC5C00EF5E9E /* Base */,
			);
			name = LaunchScreen.storyboard;
			sourceTree = "<group>";
		};
/* End PBXVariantGroup section */

/* Begin XCBuildConfiguration section */
		BC0B76F120A6BC5C00EF5E9E /* Debug */ = {
			isa = XCBuildConfiguration;
			buildSettings = {
				ALWAYS_SEARCH_USER_PATHS = NO;
				CLANG_ANALYZER_NONNULL = YES;
				CLANG_ANALYZER_NUMBER_OBJECT_CONVERSION = YES_AGGRESSIVE;
				CLANG_CXX_LANGUAGE_STANDARD = "gnu++14";
				CLANG_CXX_LIBRARY = "libc++";
				CLANG_ENABLE_MODULES = YES;
				CLANG_ENABLE_OBJC_ARC = YES;
				CLANG_WARN_BLOCK_CAPTURE_AUTORELEASING = YES;
				CLANG_WARN_BOOL_CONVERSION = YES;
				CLANG_WARN_COMMA = YES;
				CLANG_WARN_CONSTANT_CONVERSION = YES;
				CLANG_WARN_DIRECT_OBJC_ISA_USAGE = YES_ERROR;
				CLANG_WARN_DOCUMENTATION_COMMENTS = YES;
				CLANG_WARN_EMPTY_BODY = YES;
				CLANG_WARN_ENUM_CONVERSION = YES;
				CLANG_WARN_INFINITE_RECURSION = YES;
				CLANG_WARN_INT_CONVERSION = YES;
				CLANG_WARN_NON_LITERAL_NULL_CONVERSION = YES;
				CLANG_WARN_OBJC_LITERAL_CONVERSION = YES;
				CLANG_WARN_OBJC_ROOT_CLASS = YES_ERROR;
				CLANG_WARN_RANGE_LOOP_ANALYSIS = YES;
				CLANG_WARN_STRICT_PROTOTYPES = YES;
				CLANG_WARN_SUSPICIOUS_MOVE = YES;
				CLANG_WARN_UNGUARDED_AVAILABILITY = YES_AGGRESSIVE;
				CLANG_WARN_UNREACHABLE_CODE = YES;
				CLANG_WARN__DUPLICATE_METHOD_MATCH = YES;
				CODE_SIGN_IDENTITY = "iPhone Developer";
				COPY_PHASE_STRIP = NO;
				DEBUG_INFORMATION_FORMAT = dwarf;
				ENABLE_STRICT_OBJC_MSGSEND = YES;
				ENABLE_TESTABILITY = YES;
				GCC_C_LANGUAGE_STANDARD = gnu11;
				GCC_DYNAMIC_NO_PIC = NO;
				GCC_NO_COMMON_BLOCKS = YES;
				GCC_OPTIMIZATION_LEVEL = 0;
				GCC_PREPROCESSOR_DEFINITIONS = (
					"DEBUG=1",
					"$(inherited)",
				);
				GCC_WARN_64_TO_32_BIT_CONVERSION = YES;
				GCC_WARN_ABOUT_RETURN_TYPE = YES_ERROR;
				GCC_WARN_UNDECLARED_SELECTOR = YES;
				GCC_WARN_UNINITIALIZED_AUTOS = YES_AGGRESSIVE;
				GCC_WARN_UNUSED_FUNCTION = YES;
				GCC_WARN_UNUSED_VARIABLE = YES;
				IPHONEOS_DEPLOYMENT_TARGET = 8.0;
				MTL_ENABLE_DEBUG_INFO = YES;
				ONLY_ACTIVE_ARCH = YES;
				SDKROOT = iphoneos;
			};
			name = Debug;
		};
		BC0B76F220A6BC5C00EF5E9E /* Release */ = {
			isa = XCBuildConfiguration;
			buildSettings = {
				ALWAYS_SEARCH_USER_PATHS = NO;
				CLANG_ANALYZER_NONNULL = YES;
				CLANG_ANALYZER_NUMBER_OBJECT_CONVERSION = YES_AGGRESSIVE;
				CLANG_CXX_LANGUAGE_STANDARD = "gnu++14";
				CLANG_CXX_LIBRARY = "libc++";
				CLANG_ENABLE_MODULES = YES;
				CLANG_ENABLE_OBJC_ARC = YES;
				CLANG_WARN_BLOCK_CAPTURE_AUTORELEASING = YES;
				CLANG_WARN_BOOL_CONVERSION = YES;
				CLANG_WARN_COMMA = YES;
				CLANG_WARN_CONSTANT_CONVERSION = YES;
				CLANG_WARN_DIRECT_OBJC_ISA_USAGE = YES_ERROR;
				CLANG_WARN_DOCUMENTATION_COMMENTS = YES;
				CLANG_WARN_EMPTY_BODY = YES;
				CLANG_WARN_ENUM_CONVERSION = YES;
				CLANG_WARN_INFINITE_RECURSION = YES;
				CLANG_WARN_INT_CONVERSION = YES;
				CLANG_WARN_NON_LITERAL_NULL_CONVERSION = YES;
				CLANG_WARN_OBJC_LITERAL_CONVERSION = YES;
				CLANG_WARN_OBJC_ROOT_CLASS = YES_ERROR;
				CLANG_WARN_RANGE_LOOP_ANALYSIS = YES;
				CLANG_WARN_STRICT_PROTOTYPES = YES;
				CLANG_WARN_SUSPICIOUS_MOVE = YES;
				CLANG_WARN_UNGUARDED_AVAILABILITY = YES_AGGRESSIVE;
				CLANG_WARN_UNREACHABLE_CODE = YES;
				CLANG_WARN__DUPLICATE_METHOD_MATCH = YES;
				CODE_SIGN_IDENTITY = "iPhone Developer";
				COPY_PHASE_STRIP = NO;
				DEBUG_INFORMATION_FORMAT = "dwarf-with-dsym";
				ENABLE_NS_ASSERTIONS = NO;
				ENABLE_STRICT_OBJC_MSGSEND = YES;
				GCC_C_LANGUAGE_STANDARD = gnu11;
				GCC_NO_COMMON_BLOCKS = YES;
				GCC_WARN_64_TO_32_BIT_CONVERSION = YES;
				GCC_WARN_ABOUT_RETURN_TYPE = YES_ERROR;
				GCC_WARN_UNDECLARED_SELECTOR = YES;
				GCC_WARN_UNINITIALIZED_AUTOS = YES_AGGRESSIVE;
				GCC_WARN_UNUSED_FUNCTION = YES;
				GCC_WARN_UNUSED_VARIABLE = YES;
				IPHONEOS_DEPLOYMENT_TARGET = 8.0;
				MTL_ENABLE_DEBUG_INFO = NO;
				SDKROOT = iphoneos;
				VALIDATE_PRODUCT = YES;
			};
			name = Release;
		};
		BC0B76F420A6BC5C00EF5E9E /* Debug */ = {
			isa = XCBuildConfiguration;
			buildSettings = {
				ASSETCATALOG_COMPILER_APPICON_NAME = AppIcon;
				CODE_SIGN_STYLE = Automatic;
				INFOPLIST_FILE = CustomProgressView/Info.plist;
				IPHONEOS_DEPLOYMENT_TARGET = 8.0;
				LD_RUNPATH_SEARCH_PATHS = "$(inherited) @executable_path/Frameworks";
				PRODUCT_BUNDLE_IDENTIFIER = lemo.CustomProgressView;
				PRODUCT_NAME = "$(TARGET_NAME)";
				TARGETED_DEVICE_FAMILY = "1,2";
			};
			name = Debug;
		};
		BC0B76F520A6BC5C00EF5E9E /* Release */ = {
			isa = XCBuildConfiguration;
			buildSettings = {
				ASSETCATALOG_COMPILER_APPICON_NAME = AppIcon;
				CODE_SIGN_STYLE = Automatic;
				INFOPLIST_FILE = CustomProgressView/Info.plist;
				IPHONEOS_DEPLOYMENT_TARGET = 8.0;
				LD_RUNPATH_SEARCH_PATHS = "$(inherited) @executable_path/Frameworks";
				PRODUCT_BUNDLE_IDENTIFIER = lemo.CustomProgressView;
				PRODUCT_NAME = "$(TARGET_NAME)";
				TARGETED_DEVICE_FAMILY = "1,2";
			};
			name = Release;
		};
/* End XCBuildConfiguration section */

/* Begin XCConfigurationList section */
		BC0B76D820A6BC5C00EF5E9E /* Build configuration list for PBXProject "CustomProgressView" */ = {
			isa = XCConfigurationList;
			buildConfigurations = (
				BC0B76F120A6BC5C00EF5E9E /* Debug */,
				BC0B76F220A6BC5C00EF5E9E /* Release */,
			);
			defaultConfigurationIsVisible = 0;
			defaultConfigurationName = Release;
		};
		BC0B76F320A6BC5C00EF5E9E /* Build configuration list for PBXNativeTarget "CustomProgressView" */ = {
			isa = XCConfigurationList;
			buildConfigurations = (
				BC0B76F420A6BC5C00EF5E9E /* Debug */,
				BC0B76F520A6BC5C00EF5E9E /* Release */,
			);
			defaultConfigurationIsVisible = 0;
			defaultConfigurationName = Release;
		};
/* End XCConfigurationList section */
	};
	rootObject = BC0B76D520A6BC5C00EF5E9E /* Project object */;
}
